
Microsoft Visual Studio Solution File, Format Version 12.00
# Visual Studio Version 17
VisualStudioVersion = 17.14.36301.6
MinimumVisualStudioVersion = 10.0.40219.1
Project("{2150E333-8FDC-42A3-9474-1A3956D46DE8}") = "src", "src", "{02EA681E-C7D8-13C7-8484-4AC65E1B71E8}"
EndProject
Project("{2150E333-8FDC-42A3-9474-1A3956D46DE8}") = "Core", "Core", "{25E547B4-FCCB-4E69-A013-BB41115126B5}"
EndProject
Project("{FAE04EC0-301F-11D3-BF4B-00C04F79EFBC}") = "OnionArchDemo.Domain", "src\Core\OnionArchDemo.Domain\OnionArchDemo.Domain.csproj", "{11E1A1AD-0306-4DF8-82D3-3CED2D142EC3}"
EndProject
Project("{FAE04EC0-301F-11D3-BF4B-00C04F79EFBC}") = "OnionArchDemo.Application", "src\Core\OnionArchDemo.Application\OnionArchDemo.Application.csproj", "{787DC889-D13D-439B-BF13-6657B657D9A2}"
EndProject
Project("{2150E333-8FDC-42A3-9474-1A3956D46DE8}") = "Infrastructre", "Infrastructre", "{BBAC3C45-7BD2-4004-A74B-2EAD9472E007}"
EndProject
Project("{FAE04EC0-301F-11D3-BF4B-00C04F79EFBC}") = "OnionArchDemo.Persistence", "src\Infrastructure\OnionArchDemo.Persistence\OnionArchDemo.Persistence.csproj", "{715CF632-9967-4BB4-BD36-C66FFAB2C7B5}"
EndProject
Project("{2150E333-8FDC-42A3-9474-1A3956D46DE8}") = "WebApi", "WebApi", "{445D459B-EA26-4F51-86C4-85273BBCDC3B}"
EndProject
Project("{FAE04EC0-301F-11D3-BF4B-00C04F79EFBC}") = "OnionArchDemo.WebApi", "src\WebApi\OnionArchDemo.WebApi\OnionArchDemo.WebApi.csproj", "{A6982040-EFC6-4580-9CB4-0F1A405BC51D}"
EndProject
Global
	GlobalSection(SolutionConfigurationPlatforms) = preSolution
		Debug|Any CPU = Debug|Any CPU
		Release|Any CPU = Release|Any CPU
	EndGlobalSection
	GlobalSection(ProjectConfigurationPlatforms) = postSolution
		{11E1A1AD-0306-4DF8-82D3-3CED2D142EC3}.Debug|Any CPU.ActiveCfg = Debug|Any CPU
		{11E1A1AD-0306-4DF8-82D3-3CED2D142EC3}.Debug|Any CPU.Build.0 = Debug|Any CPU
		{11E1A1AD-0306-4DF8-82D3-3CED2D142EC3}.Release|Any CPU.ActiveCfg = Release|Any CPU
		{11E1A1AD-0306-4DF8-82D3-3CED2D142EC3}.Release|Any CPU.Build.0 = Release|Any CPU
		{787DC889-D13D-439B-BF13-6657B657D9A2}.Debug|Any CPU.ActiveCfg = Debug|Any CPU
		{787DC889-D13D-439B-BF13-6657B657D9A2}.Debug|Any CPU.Build.0 = Debug|Any CPU
		{787DC889-D13D-439B-BF13-6657B657D9A2}.Release|Any CPU.ActiveCfg = Release|Any CPU
		{787DC889-D13D-439B-BF13-6657B657D9A2}.Release|Any CPU.Build.0 = Release|Any CPU
		{715CF632-9967-4BB4-BD36-C66FFAB2C7B5}.Debug|Any CPU.ActiveCfg = Debug|Any CPU
		{715CF632-9967-4BB4-BD36-C66FFAB2C7B5}.Debug|Any CPU.Build.0 = Debug|Any CPU
		{715CF632-9967-4BB4-BD36-C66FFAB2C7B5}.Release|Any CPU.ActiveCfg = Release|Any CPU
		{715CF632-9967-4BB4-BD36-C66FFAB2C7B5}.Release|Any CPU.Build.0 = Release|Any CPU
		{A6982040-EFC6-4580-9CB4-0F1A405BC51D}.Debug|Any CPU.ActiveCfg = Debug|Any CPU
		{A6982040-EFC6-4580-9CB4-0F1A405BC51D}.Debug|Any CPU.Build.0 = Debug|Any CPU
		{A6982040-EFC6-4580-9CB4-0F1A405BC51D}.Release|Any CPU.ActiveCfg = Release|Any CPU
		{A6982040-EFC6-4580-9CB4-0F1A405BC51D}.Release|Any CPU.Build.0 = Release|Any CPU
	EndGlobalSection
	GlobalSection(SolutionProperties) = preSolution
		HideSolutionNode = FALSE
	EndGlobalSection
	GlobalSection(NestedProjects) = preSolution
		{25E547B4-FCCB-4E69-A013-BB41115126B5} = {02EA681E-C7D8-13C7-8484-4AC65E1B71E8}
		{11E1A1AD-0306-4DF8-82D3-3CED2D142EC3} = {25E547B4-FCCB-4E69-A013-BB41115126B5}
		{787DC889-D13D-439B-BF13-6657B657D9A2} = {25E547B4-FCCB-4E69-A013-BB41115126B5}
		{BBAC3C45-7BD2-4004-A74B-2EAD9472E007} = {02EA681E-C7D8-13C7-8484-4AC65E1B71E8}
		{715CF632-9967-4BB4-BD36-C66FFAB2C7B5} = {BBAC3C45-7BD2-4004-A74B-2EAD9472E007}
		{445D459B-EA26-4F51-86C4-85273BBCDC3B} = {02EA681E-C7D8-13C7-8484-4AC65E1B71E8}
		{A6982040-EFC6-4580-9CB4-0F1A405BC51D} = {445D459B-EA26-4F51-86C4-85273BBCDC3B}
	EndGlobalSection
	GlobalSection(ExtensibilityGlobals) = postSolution
		SolutionGuid = {DF093D7D-7584-43A0-AC79-6DC27D0D77CB}
	EndGlobalSection
EndGlobal
